{
  "name": "advent-of-ts",
  "version": "1.0.0",
  "lockfileVersion": 1,
  "requires": true,
  "dependencies": {
    "type-testing": {
      "version": "0.2.0",
      "resolved": "https://registry.npmmirror.com/type-testing/-/type-testing-0.2.0.tgz",
      "integrity": "sha512-HAf4o9LjUAh9xEIXZTNm+ak2tjTgK64QhTlT/D8UNedII2/eagdEbtbaVK6920K7+QBrwfvxpjPGlfWVKZ+MZQ==",
      "dev": true
    },
    "typescript": {
      "version": "5.3.3",
      "resolved": "https://registry.npmmirror.com/typescript/-/typescript-5.3.3.tgz",
      "integrity": "sha512-pXWcraxM0uxAS+tN0AG/BF2TyqmHO014Z070UsJ+pFvYuRSq8KH8DmWpnbXe0pEPDHXZV3FcAbJkijJ5oNEnWw==",
      "dev": true
    }
  }
}
